
Microsoft Visual Studio Solution File, Format Version 12.00
# Visual Studio Version 16
VisualStudioVersion = 16.0.31410.357
MinimumVisualStudioVersion = 10.0.40219.1
Project("{FAE04EC0-301F-11D3-BF4B-00C04F79EFBC}") = "CSharp-Ines", "CSharp-Ines\CSharp-Ines.csproj", "{3DC56ABD-D433-4080-B6F1-065DF1D378B2}"
EndProject
Global
	GlobalSection(SolutionConfigurationPlatforms) = preSolution
		Debug|Any CPU = Debug|Any CPU
		Release|Any CPU = Release|Any CPU
	EndGlobalSection
	GlobalSection(ProjectConfigurationPlatforms) = postSolution
		{3DC56ABD-D433-4080-B6F1-065DF1D378B2}.Debug|Any CPU.ActiveCfg = Debug|Any CPU
		{3DC56ABD-D433-4080-B6F1-065DF1D378B2}.Debug|Any CPU.Build.0 = Debug|Any CPU
		{3DC56ABD-D433-4080-B6F1-065DF1D378B2}.Release|Any CPU.ActiveCfg = Release|Any CPU
		{3DC56ABD-D433-4080-B6F1-065DF1D378B2}.Release|Any CPU.Build.0 = Release|Any CPU
	EndGlobalSection
	GlobalSection(SolutionProperties) = preSolution
		HideSolutionNode = FALSE
	EndGlobalSection
	GlobalSection(ExtensibilityGlobals) = postSolution
		SolutionGuid = {ADDDB3CF-5CEE-437E-821E-7862DE1AAD28}
	EndGlobalSection
EndGlobal
