
Microsoft Visual Studio Solution File, Format Version 12.00
# Visual Studio Version 16
VisualStudioVersion = 16.0.31410.357
MinimumVisualStudioVersion = 10.0.40219.1
Project("{9A19103F-16F7-4668-BE54-9A1E7A4F7556}") = "CSharp_Ines", "CSharp_Ines.csproj", "{54F4E93E-A7C2-439F-882D-7184E8170DBA}"
EndProject
Project("{FAE04EC0-301F-11D3-BF4B-00C04F79EFBC}") = "PersonIntoPark", "..\PersonIntoPark\PersonIntoPark.csproj", "{20B8EE61-2D11-4A45-920B-94F346D0C0C7}"
EndProject
Global
	GlobalSection(SolutionConfigurationPlatforms) = preSolution
		Debug|Any CPU = Debug|Any CPU
		Release|Any CPU = Release|Any CPU
	EndGlobalSection
	GlobalSection(ProjectConfigurationPlatforms) = postSolution
		{54F4E93E-A7C2-439F-882D-7184E8170DBA}.Debug|Any CPU.ActiveCfg = Debug|Any CPU
		{54F4E93E-A7C2-439F-882D-7184E8170DBA}.Debug|Any CPU.Build.0 = Debug|Any CPU
		{54F4E93E-A7C2-439F-882D-7184E8170DBA}.Release|Any CPU.ActiveCfg = Release|Any CPU
		{54F4E93E-A7C2-439F-882D-7184E8170DBA}.Release|Any CPU.Build.0 = Release|Any CPU
		{20B8EE61-2D11-4A45-920B-94F346D0C0C7}.Debug|Any CPU.ActiveCfg = Debug|Any CPU
		{20B8EE61-2D11-4A45-920B-94F346D0C0C7}.Debug|Any CPU.Build.0 = Debug|Any CPU
		{20B8EE61-2D11-4A45-920B-94F346D0C0C7}.Release|Any CPU.ActiveCfg = Release|Any CPU
		{20B8EE61-2D11-4A45-920B-94F346D0C0C7}.Release|Any CPU.Build.0 = Release|Any CPU
	EndGlobalSection
	GlobalSection(SolutionProperties) = preSolution
		HideSolutionNode = FALSE
	EndGlobalSection
	GlobalSection(ExtensibilityGlobals) = postSolution
		SolutionGuid = {3E82A0B5-FDD9-4C31-9F54-F2DB2E570B7B}
	EndGlobalSection
EndGlobal
